
Microsoft Visual Studio Solution File, Format Version 12.00
# Visual Studio Version 16
VisualStudioVersion = 16.0.31410.357
MinimumVisualStudioVersion = 10.0.40219.1
Project("{FAE04EC0-301F-11D3-BF4B-00C04F79EFBC}") = "CRUD", "CRUD.csproj", "{63DEA5BC-C92C-4F9D-B632-48B7697A4900}"
EndProject
Global
	GlobalSection(SolutionConfigurationPlatforms) = preSolution
		Debug|Any CPU = Debug|Any CPU
		Release|Any CPU = Release|Any CPU
	EndGlobalSection
	GlobalSection(ProjectConfigurationPlatforms) = postSolution
		{63DEA5BC-C92C-4F9D-B632-48B7697A4900}.Debug|Any CPU.ActiveCfg = Debug|Any CPU
		{63DEA5BC-C92C-4F9D-B632-48B7697A4900}.Debug|Any CPU.Build.0 = Debug|Any CPU
		{63DEA5BC-C92C-4F9D-B632-48B7697A4900}.Release|Any CPU.ActiveCfg = Release|Any CPU
		{63DEA5BC-C92C-4F9D-B632-48B7697A4900}.Release|Any CPU.Build.0 = Release|Any CPU
	EndGlobalSection
	GlobalSection(SolutionProperties) = preSolution
		HideSolutionNode = FALSE
	EndGlobalSection
	GlobalSection(ExtensibilityGlobals) = postSolution
		SolutionGuid = {ABE032AB-228D-4C09-A130-E342B7455794}
	EndGlobalSection
EndGlobal
